github.com/go-sql-driver/mysql v1.7.2-0.20230613063930-943264b76442 h1:kfRcnY5EQGmJqHA1D9UI8aXF3f01TtwRiy8GsPO/Am8=
github.com/go-sql-driver/mysql v1.7.2-0.20230613063930-943264b76442/go.mod h1:6gYm/zDt3ahdnMVTPeT/LfoBFsws1qZm5yI6FmVjB14=
github.com/goccy/wasi-go-net v0.1.1 h1:UJyxop700HJKyc4BeHRZsTD8Sg3dV8zbycOt0Yv+Ufg=
github.com/goccy/wasi-go-net v0.1.1/go.mod h1:VTPct7C8xxkd98lZcnaJ5pqYFp8DXhT+4rUjjH4uoKg=
golang.org/x/net v0.23.0 h1:7EYJ93RZ9vYSZAIb2x3lnuvqO5zneoD6IvWjuhfxjTs=
golang.org/x/net v0.23.0/go.mod h1:JKghWKKOSdJwpW2GEx0Ja7fmaKnMsbu+MWVZTokSYmg=
